
Microsoft Visual Studio Solution File, Format Version 12.00
Project("{FAE04EC0-301F-11D3-BF4B-00C04F79EFBC}") = "Negum.Game", "Negum.Game\Negum.Game.csproj", "{587199BA-D568-42E5-802A-A27B481E73AF}"
EndProject
Project("{2150E333-8FDC-42A3-9474-1A3956D46DE8}") = "Tests", "Tests", "{068F6227-E18C-4C29-AD65-3A9B19A893D7}"
EndProject
Project("{FAE04EC0-301F-11D3-BF4B-00C04F79EFBC}") = "Negum.Game.Tests", "Tests\Negum.Game.Tests\Negum.Game.Tests.csproj", "{8CBC5422-B948-4F8A-8156-07FC8132D480}"
EndProject
Project("{2150E333-8FDC-42A3-9474-1A3956D46DE8}") = "Apps", "Apps", "{6860AAB5-7EBC-4C8B-9E05-3CAC14352AF2}"
EndProject
Project("{FAE04EC0-301F-11D3-BF4B-00C04F79EFBC}") = "Negum.Game.Client", "Apps\Negum.Game.Client\Negum.Game.Client.csproj", "{C90D1A20-270D-4246-8C25-33FA67C58CC7}"
EndProject
Project("{FAE04EC0-301F-11D3-BF4B-00C04F79EFBC}") = "Negum.Game.Server", "Apps\Negum.Game.Server\Negum.Game.Server.csproj", "{4E6DD1A8-E46D-49EF-B831-2EB0F47C3833}"
EndProject
Global
	GlobalSection(SolutionConfigurationPlatforms) = preSolution
		Debug|Any CPU = Debug|Any CPU
		Release|Any CPU = Release|Any CPU
	EndGlobalSection
	GlobalSection(ProjectConfigurationPlatforms) = postSolution
		{587199BA-D568-42E5-802A-A27B481E73AF}.Debug|Any CPU.ActiveCfg = Debug|Any CPU
		{587199BA-D568-42E5-802A-A27B481E73AF}.Debug|Any CPU.Build.0 = Debug|Any CPU
		{587199BA-D568-42E5-802A-A27B481E73AF}.Release|Any CPU.ActiveCfg = Release|Any CPU
		{587199BA-D568-42E5-802A-A27B481E73AF}.Release|Any CPU.Build.0 = Release|Any CPU
		{8CBC5422-B948-4F8A-8156-07FC8132D480}.Debug|Any CPU.ActiveCfg = Debug|Any CPU
		{8CBC5422-B948-4F8A-8156-07FC8132D480}.Debug|Any CPU.Build.0 = Debug|Any CPU
		{8CBC5422-B948-4F8A-8156-07FC8132D480}.Release|Any CPU.ActiveCfg = Release|Any CPU
		{8CBC5422-B948-4F8A-8156-07FC8132D480}.Release|Any CPU.Build.0 = Release|Any CPU
		{C90D1A20-270D-4246-8C25-33FA67C58CC7}.Debug|Any CPU.ActiveCfg = Debug|Any CPU
		{C90D1A20-270D-4246-8C25-33FA67C58CC7}.Debug|Any CPU.Build.0 = Debug|Any CPU
		{C90D1A20-270D-4246-8C25-33FA67C58CC7}.Release|Any CPU.ActiveCfg = Release|Any CPU
		{C90D1A20-270D-4246-8C25-33FA67C58CC7}.Release|Any CPU.Build.0 = Release|Any CPU
		{4E6DD1A8-E46D-49EF-B831-2EB0F47C3833}.Debug|Any CPU.ActiveCfg = Debug|Any CPU
		{4E6DD1A8-E46D-49EF-B831-2EB0F47C3833}.Debug|Any CPU.Build.0 = Debug|Any CPU
		{4E6DD1A8-E46D-49EF-B831-2EB0F47C3833}.Release|Any CPU.ActiveCfg = Release|Any CPU
		{4E6DD1A8-E46D-49EF-B831-2EB0F47C3833}.Release|Any CPU.Build.0 = Release|Any CPU
	EndGlobalSection
	GlobalSection(NestedProjects) = preSolution
		{8CBC5422-B948-4F8A-8156-07FC8132D480} = {068F6227-E18C-4C29-AD65-3A9B19A893D7}
		{C90D1A20-270D-4246-8C25-33FA67C58CC7} = {6860AAB5-7EBC-4C8B-9E05-3CAC14352AF2}
		{4E6DD1A8-E46D-49EF-B831-2EB0F47C3833} = {6860AAB5-7EBC-4C8B-9E05-3CAC14352AF2}
	EndGlobalSection
EndGlobal
